
Microsoft Visual Studio Solution File, Format Version 12.00
# Visual Studio Version 17
VisualStudioVersion = 17.2.32616.157
MinimumVisualStudioVersion = 10.0.40219.1
Project("{FAE04EC0-301F-11D3-BF4B-00C04F79EFBC}") = "TestExam2", "TestExam2\TestExam2.csproj", "{2546A0EE-F242-47A0-B112-06E3B81C29DC}"
EndProject
Global
	GlobalSection(SolutionConfigurationPlatforms) = preSolution
		Debug|Any CPU = Debug|Any CPU
		Release|Any CPU = Release|Any CPU
	EndGlobalSection
	GlobalSection(ProjectConfigurationPlatforms) = postSolution
		{2546A0EE-F242-47A0-B112-06E3B81C29DC}.Debug|Any CPU.ActiveCfg = Debug|Any CPU
		{2546A0EE-F242-47A0-B112-06E3B81C29DC}.Debug|Any CPU.Build.0 = Debug|Any CPU
		{2546A0EE-F242-47A0-B112-06E3B81C29DC}.Release|Any CPU.ActiveCfg = Release|Any CPU
		{2546A0EE-F242-47A0-B112-06E3B81C29DC}.Release|Any CPU.Build.0 = Release|Any CPU
	EndGlobalSection
	GlobalSection(SolutionProperties) = preSolution
		HideSolutionNode = FALSE
	EndGlobalSection
	GlobalSection(ExtensibilityGlobals) = postSolution
		SolutionGuid = {15A080FD-9CCA-4ED4-A120-A4B79926EE2B}
	EndGlobalSection
EndGlobal
